
Microsoft Visual Studio Solution File, Format Version 12.00
Project("{FAE04EC0-301F-11D3-BF4B-00C04F79EFBC}") = "Schronisko", "Schronisko\Schronisko.csproj", "{E0A9F27A-3C2B-4047-9F7D-01510D245E10}"
EndProject
Global
	GlobalSection(SolutionConfigurationPlatforms) = preSolution
		Debug|Any CPU = Debug|Any CPU
		Release|Any CPU = Release|Any CPU
	EndGlobalSection
	GlobalSection(ProjectConfigurationPlatforms) = postSolution
		{E0A9F27A-3C2B-4047-9F7D-01510D245E10}.Debug|Any CPU.ActiveCfg = Debug|Any CPU
		{E0A9F27A-3C2B-4047-9F7D-01510D245E10}.Debug|Any CPU.Build.0 = Debug|Any CPU
		{E0A9F27A-3C2B-4047-9F7D-01510D245E10}.Release|Any CPU.ActiveCfg = Release|Any CPU
		{E0A9F27A-3C2B-4047-9F7D-01510D245E10}.Release|Any CPU.Build.0 = Release|Any CPU
	EndGlobalSection
EndGlobal
